// !$*UTF8*$!
{
	archiveVersion = 1;
	classes = {
	};
	objectVersion = 46;
	objects = {

/* Begin PBXBuildFile section */
		0ADC4EAB35D905809E2C0E7E /* Pods_fTaxiUITests.framework in Frameworks */ = {isa = PBXBuildFile; fileRef = 89C740E2BC01FC9F13BBA5D1 /* Pods_fTaxiUITests.framework */; };
		5852E5EE3F8CF3C3EE02C5AA /* Pods_fTaxi.framework in Frameworks */ = {isa = PBXBuildFile; fileRef = F8E2F055EC3B8394B3B46FD7 /* Pods_fTaxi.framework */; };
		C6A9839A1F42A95E00EB7290 /* AppDelegate.swift in Sources */ = {isa = PBXBuildFile; fileRef = C6A983991F42A95E00EB7290 /* AppDelegate.swift */; };
		C6A9839F1F42A95E00EB7290 /* Main.storyboard in Resources */ = {isa = PBXBuildFile; fileRef = C6A9839D1F42A95E00EB7290 /* Main.storyboard */; };
		C6A983A11F42A95E00EB7290 /* Assets.xcassets in Resources */ = {isa = PBXBuildFile; fileRef = C6A983A01F42A95E00EB7290 /* Assets.xcassets */; };
		C6A983A41F42A95E00EB7290 /* LaunchScreen.storyboard in Resources */ = {isa = PBXBuildFile; fileRef = C6A983A21F42A95E00EB7290 /* LaunchScreen.storyboard */; };
		C6A983BA1F42A95F00EB7290 /* fTaxiUITests.swift in Sources */ = {isa = PBXBuildFile; fileRef = C6A983B91F42A95F00EB7290 /* fTaxiUITests.swift */; };
		C6A983C81F42B63500EB7290 /* FindTaxiViewController.swift in Sources */ = {isa = PBXBuildFile; fileRef = C6A983C71F42B63500EB7290 /* FindTaxiViewController.swift */; };
		C6A983CA1F43DA8E00EB7290 /* FindTaxiViewControllerTests.swift in Sources */ = {isa = PBXBuildFile; fileRef = C6A983C91F43DA8E00EB7290 /* FindTaxiViewControllerTests.swift */; };
		C6A983CD1F43F61500EB7290 /* Request.swift in Sources */ = {isa = PBXBuildFile; fileRef = C6A983CC1F43F61500EB7290 /* Request.swift */; };
		C6A983CF1F43F6C100EB7290 /* APIManager.swift in Sources */ = {isa = PBXBuildFile; fileRef = C6A983CE1F43F6C100EB7290 /* APIManager.swift */; };
		C6A983D21F43F7A100EB7290 /* Enums.swift in Sources */ = {isa = PBXBuildFile; fileRef = C6A983D11F43F7A100EB7290 /* Enums.swift */; };
		C6A983D41F43FC4B00EB7290 /* RequestTests.swift in Sources */ = {isa = PBXBuildFile; fileRef = C6A983D31F43FC4B00EB7290 /* RequestTests.swift */; };
		C6A983D61F43FC5900EB7290 /* APIManagerTests.swift in Sources */ = {isa = PBXBuildFile; fileRef = C6A983D51F43FC5900EB7290 /* APIManagerTests.swift */; };
		C6A983D81F43FC6800EB7290 /* Taxi.swift in Sources */ = {isa = PBXBuildFile; fileRef = C6A983D71F43FC6800EB7290 /* Taxi.swift */; };
		C6A983DA1F43FE7300EB7290 /* TaxiTests.swift in Sources */ = {isa = PBXBuildFile; fileRef = C6A983D91F43FE7300EB7290 /* TaxiTests.swift */; };
		C6A983DD1F43FF1D00EB7290 /* TaxiManager.swift in Sources */ = {isa = PBXBuildFile; fileRef = C6A983DC1F43FF1D00EB7290 /* TaxiManager.swift */; };
		C6A983DF1F4404D900EB7290 /* ListTaxi.swift in Sources */ = {isa = PBXBuildFile; fileRef = C6A983DE1F4404D900EB7290 /* ListTaxi.swift */; };
		C6A983E11F452E7900EB7290 /* ListTaxiTests.swift in Sources */ = {isa = PBXBuildFile; fileRef = C6A983E01F452E7900EB7290 /* ListTaxiTests.swift */; };
		C6A983E31F452E9D00EB7290 /* TaxiManagerTests.swift in Sources */ = {isa = PBXBuildFile; fileRef = C6A983E21F452E9D00EB7290 /* TaxiManagerTests.swift */; };
		FAE3B04584633987053ED7B5 /* Pods_fTaxiTests.framework in Frameworks */ = {isa = PBXBuildFile; fileRef = 98DCDCA88EB8EB089E8DFDF8 /* Pods_fTaxiTests.framework */; };
/* End PBXBuildFile section */

/* Begin PBXContainerItemProxy section */
		C6A983AB1F42A95F00EB7290 /* PBXContainerItemProxy */ = {
			isa = PBXContainerItemProxy;
			containerPortal = C6A9838E1F42A95E00EB7290 /* Project object */;
			proxyType = 1;
			remoteGlobalIDString = C6A983951F42A95E00EB7290;
			remoteInfo = fTaxi;
		};
		C6A983B61F42A95F00EB7290 /* PBXContainerItemProxy */ = {
			isa = PBXContainerItemProxy;
			containerPortal = C6A9838E1F42A95E00EB7290 /* Project object */;
			proxyType = 1;
			remoteGlobalIDString = C6A983951F42A95E00EB7290;
			remoteInfo = fTaxi;
		};
/* End PBXContainerItemProxy section */

/* Begin PBXFileReference section */
		1D7DB8676F0F4FAC929A116F /* Pods-fTaxiUITests.debug.xcconfig */ = {isa = PBXFileReference; includeInIndex = 1; lastKnownFileType = text.xcconfig; name = "Pods-fTaxiUITests.debug.xcconfig"; path = "Pods/Target Support Files/Pods-fTaxiUITests/Pods-fTaxiUITests.debug.xcconfig"; sourceTree = "<group>"; };
		50ABE5898EE02E6CA0DE9DA2 /* Pods-fTaxi.debug.xcconfig */ = {isa = PBXFileReference; includeInIndex = 1; lastKnownFileType = text.xcconfig; name = "Pods-fTaxi.debug.xcconfig"; path = "Pods/Target Support Files/Pods-fTaxi/Pods-fTaxi.debug.xcconfig"; sourceTree = "<group>"; };
		89C740E2BC01FC9F13BBA5D1 /* Pods_fTaxiUITests.framework */ = {isa = PBXFileReference; explicitFileType = wrapper.framework; includeInIndex = 0; path = Pods_fTaxiUITests.framework; sourceTree = BUILT_PRODUCTS_DIR; };
		98DCDCA88EB8EB089E8DFDF8 /* Pods_fTaxiTests.framework */ = {isa = PBXFileReference; explicitFileType = wrapper.framework; includeInIndex = 0; path = Pods_fTaxiTests.framework; sourceTree = BUILT_PRODUCTS_DIR; };
		BE59D8BA5D22B037A847270D /* Pods-fTaxiTests.release.xcconfig */ = {isa = PBXFileReference; includeInIndex = 1; lastKnownFileType = text.xcconfig; name = "Pods-fTaxiTests.release.xcconfig"; path = "Pods/Target Support Files/Pods-fTaxiTests/Pods-fTaxiTests.release.xcconfig"; sourceTree = "<group>"; };
		C6A983961F42A95E00EB7290 /* fTaxi.app */ = {isa = PBXFileReference; explicitFileType = wrapper.application; includeInIndex = 0; path = fTaxi.app; sourceTree = BUILT_PRODUCTS_DIR; };
		C6A983991F42A95E00EB7290 /* AppDelegate.swift */ = {isa = PBXFileReference; lastKnownFileType = sourcecode.swift; path = AppDelegate.swift; sourceTree = "<group>"; };
		C6A9839E1F42A95E00EB7290 /* Base */ = {isa = PBXFileReference; lastKnownFileType = file.storyboard; name = Base; path = Base.lproj/Main.storyboard; sourceTree = "<group>"; };
		C6A983A01F42A95E00EB7290 /* Assets.xcassets */ = {isa = PBXFileReference; lastKnownFileType = folder.assetcatalog; path = Assets.xcassets; sourceTree = "<group>"; };
		C6A983A31F42A95E00EB7290 /* Base */ = {isa = PBXFileReference; lastKnownFileType = file.storyboard; name = Base; path = Base.lproj/LaunchScreen.storyboard; sourceTree = "<group>"; };
		C6A983A51F42A95E00EB7290 /* Info.plist */ = {isa = PBXFileReference; lastKnownFileType = text.plist.xml; path = Info.plist; sourceTree = "<group>"; };
		C6A983AA1F42A95F00EB7290 /* fTaxiTests.xctest */ = {isa = PBXFileReference; explicitFileType = wrapper.cfbundle; includeInIndex = 0; path = fTaxiTests.xctest; sourceTree = BUILT_PRODUCTS_DIR; };
		C6A983B01F42A95F00EB7290 /* Info.plist */ = {isa = PBXFileReference; lastKnownFileType = text.plist.xml; path = Info.plist; sourceTree = "<group>"; };
		C6A983B51F42A95F00EB7290 /* fTaxiUITests.xctest */ = {isa = PBXFileReference; explicitFileType = wrapper.cfbundle; includeInIndex = 0; path = fTaxiUITests.xctest; sourceTree = BUILT_PRODUCTS_DIR; };
		C6A983B91F42A95F00EB7290 /* fTaxiUITests.swift */ = {isa = PBXFileReference; lastKnownFileType = sourcecode.swift; path = fTaxiUITests.swift; sourceTree = "<group>"; };
		C6A983BB1F42A95F00EB7290 /* Info.plist */ = {isa = PBXFileReference; lastKnownFileType = text.plist.xml; path = Info.plist; sourceTree = "<group>"; };
		C6A983C71F42B63500EB7290 /* FindTaxiViewController.swift */ = {isa = PBXFileReference; fileEncoding = 4; lastKnownFileType = sourcecode.swift; path = FindTaxiViewController.swift; sourceTree = "<group>"; };
		C6A983C91F43DA8E00EB7290 /* FindTaxiViewControllerTests.swift */ = {isa = PBXFileReference; fileEncoding = 4; lastKnownFileType = sourcecode.swift; path = FindTaxiViewControllerTests.swift; sourceTree = "<group>"; };
		C6A983CC1F43F61500EB7290 /* Request.swift */ = {isa = PBXFileReference; fileEncoding = 4; lastKnownFileType = sourcecode.swift; path = Request.swift; sourceTree = "<group>"; };
		C6A983CE1F43F6C100EB7290 /* APIManager.swift */ = {isa = PBXFileReference; fileEncoding = 4; lastKnownFileType = sourcecode.swift; path = APIManager.swift; sourceTree = "<group>"; };
		C6A983D11F43F7A100EB7290 /* Enums.swift */ = {isa = PBXFileReference; fileEncoding = 4; lastKnownFileType = sourcecode.swift; path = Enums.swift; sourceTree = "<group>"; };
		C6A983D31F43FC4B00EB7290 /* RequestTests.swift */ = {isa = PBXFileReference; fileEncoding = 4; lastKnownFileType = sourcecode.swift; path = RequestTests.swift; sourceTree = "<group>"; };
		C6A983D51F43FC5900EB7290 /* APIManagerTests.swift */ = {isa = PBXFileReference; fileEncoding = 4; lastKnownFileType = sourcecode.swift; path = APIManagerTests.swift; sourceTree = "<group>"; };
		C6A983D71F43FC6800EB7290 /* Taxi.swift */ = {isa = PBXFileReference; fileEncoding = 4; lastKnownFileType = sourcecode.swift; path = Taxi.swift; sourceTree = "<group>"; };
		C6A983D91F43FE7300EB7290 /* TaxiTests.swift */ = {isa = PBXFileReference; fileEncoding = 4; lastKnownFileType = sourcecode.swift; path = TaxiTests.swift; sourceTree = "<group>"; };
		C6A983DC1F43FF1D00EB7290 /* TaxiManager.swift */ = {isa = PBXFileReference; fileEncoding = 4; lastKnownFileType = sourcecode.swift; path = TaxiManager.swift; sourceTree = "<group>"; };
		C6A983DE1F4404D900EB7290 /* ListTaxi.swift */ = {isa = PBXFileReference; fileEncoding = 4; lastKnownFileType = sourcecode.swift; path = ListTaxi.swift; sourceTree = "<group>"; };
		C6A983E01F452E7900EB7290 /* ListTaxiTests.swift */ = {isa = PBXFileReference; fileEncoding = 4; lastKnownFileType = sourcecode.swift; path = ListTaxiTests.swift; sourceTree = "<group>"; };
		C6A983E21F452E9D00EB7290 /* TaxiManagerTests.swift */ = {isa = PBXFileReference; fileEncoding = 4; lastKnownFileType = sourcecode.swift; path = TaxiManagerTests.swift; sourceTree = "<group>"; };
		D2654D92950BA3F674B9636C /* Pods-fTaxiUITests.release.xcconfig */ = {isa = PBXFileReference; includeInIndex = 1; lastKnownFileType = text.xcconfig; name = "Pods-fTaxiUITests.release.xcconfig"; path = "Pods/Target Support Files/Pods-fTaxiUITests/Pods-fTaxiUITests.release.xcconfig"; sourceTree = "<group>"; };
		D81180E6A51834CE15D42343 /* Pods-fTaxi.release.xcconfig */ = {isa = PBXFileReference; includeInIndex = 1; lastKnownFileType = text.xcconfig; name = "Pods-fTaxi.release.xcconfig"; path = "Pods/Target Support Files/Pods-fTaxi/Pods-fTaxi.release.xcconfig"; sourceTree = "<group>"; };
		D831D543C63C74DDBAAE9292 /* Pods-fTaxiTests.debug.xcconfig */ = {isa = PBXFileReference; includeInIndex = 1; lastKnownFileType = text.xcconfig; name = "Pods-fTaxiTests.debug.xcconfig"; path = "Pods/Target Support Files/Pods-fTaxiTests/Pods-fTaxiTests.debug.xcconfig"; sourceTree = "<group>"; };
		F8E2F055EC3B8394B3B46FD7 /* Pods_fTaxi.framework */ = {isa = PBXFileReference; explicitFileType = wrapper.framework; includeInIndex = 0; path = Pods_fTaxi.framework; sourceTree = BUILT_PRODUCTS_DIR; };
/* End PBXFileReference section */

/* Begin PBXFrameworksBuildPhase section */
		C6A983931F42A95E00EB7290 /* Frameworks */ = {
			isa = PBXFrameworksBuildPhase;
			buildActionMask = 2147483647;
			files = (
				5852E5EE3F8CF3C3EE02C5AA /* Pods_fTaxi.framework in Frameworks */,
			);
			runOnlyForDeploymentPostprocessing = 0;
		};
		C6A983A71F42A95F00EB7290 /* Frameworks */ = {
			isa = PBXFrameworksBuildPhase;
			buildActionMask = 2147483647;
			files = (
				FAE3B04584633987053ED7B5 /* Pods_fTaxiTests.framework in Frameworks */,
			);
			runOnlyForDeploymentPostprocessing = 0;
		};
		C6A983B21F42A95F00EB7290 /* Frameworks */ = {
			isa = PBXFrameworksBuildPhase;
			buildActionMask = 2147483647;
			files = (
				0ADC4EAB35D905809E2C0E7E /* Pods_fTaxiUITests.framework in Frameworks */,
			);
			runOnlyForDeploymentPostprocessing = 0;
		};
/* End PBXFrameworksBuildPhase section */

/* Begin PBXGroup section */
		9DBF2432A083ED146DB73939 /* Pods */ = {
			isa = PBXGroup;
			children = (
				50ABE5898EE02E6CA0DE9DA2 /* Pods-fTaxi.debug.xcconfig */,
				D81180E6A51834CE15D42343 /* Pods-fTaxi.release.xcconfig */,
				D831D543C63C74DDBAAE9292 /* Pods-fTaxiTests.debug.xcconfig */,
				BE59D8BA5D22B037A847270D /* Pods-fTaxiTests.release.xcconfig */,
				1D7DB8676F0F4FAC929A116F /* Pods-fTaxiUITests.debug.xcconfig */,
				D2654D92950BA3F674B9636C /* Pods-fTaxiUITests.release.xcconfig */,
			);
			name = Pods;
			sourceTree = "<group>";
		};
		A5759BCF22F5FD034B028F06 /* Frameworks */ = {
			isa = PBXGroup;
			children = (
				F8E2F055EC3B8394B3B46FD7 /* Pods_fTaxi.framework */,
				98DCDCA88EB8EB089E8DFDF8 /* Pods_fTaxiTests.framework */,
				89C740E2BC01FC9F13BBA5D1 /* Pods_fTaxiUITests.framework */,
			);
			name = Frameworks;
			sourceTree = "<group>";
		};
		C6A9838D1F42A95E00EB7290 = {
			isa = PBXGroup;
			children = (
				C6A983981F42A95E00EB7290 /* fTaxi */,
				C6A983AD1F42A95F00EB7290 /* fTaxiTests */,
				C6A983B81F42A95F00EB7290 /* fTaxiUITests */,
				C6A983971F42A95E00EB7290 /* Products */,
				9DBF2432A083ED146DB73939 /* Pods */,
				A5759BCF22F5FD034B028F06 /* Frameworks */,
			);
			sourceTree = "<group>";
		};
		C6A983971F42A95E00EB7290 /* Products */ = {
			isa = PBXGroup;
			children = (
				C6A983961F42A95E00EB7290 /* fTaxi.app */,
				C6A983AA1F42A95F00EB7290 /* fTaxiTests.xctest */,
				C6A983B51F42A95F00EB7290 /* fTaxiUITests.xctest */,
			);
			name = Products;
			sourceTree = "<group>";
		};
		C6A983981F42A95E00EB7290 /* fTaxi */ = {
			isa = PBXGroup;
			children = (
				C6A983991F42A95E00EB7290 /* AppDelegate.swift */,
				C6A983D01F43F79100EB7290 /* Enum */,
				C6A983CB1F43F60600EB7290 /* Request */,
				C6A983DB1F43FEEB00EB7290 /* Taxi */,
				C6A9839D1F42A95E00EB7290 /* Main.storyboard */,
				C6A983A01F42A95E00EB7290 /* Assets.xcassets */,
				C6A983A21F42A95E00EB7290 /* LaunchScreen.storyboard */,
				C6A983A51F42A95E00EB7290 /* Info.plist */,
			);
			path = fTaxi;
			sourceTree = "<group>";
		};
		C6A983AD1F42A95F00EB7290 /* fTaxiTests */ = {
			isa = PBXGroup;
			children = (
				C6A983B01F42A95F00EB7290 /* Info.plist */,
				C6A983C91F43DA8E00EB7290 /* FindTaxiViewControllerTests.swift */,
				C6A983D31F43FC4B00EB7290 /* RequestTests.swift */,
				C6A983D51F43FC5900EB7290 /* APIManagerTests.swift */,
				C6A983E21F452E9D00EB7290 /* TaxiManagerTests.swift */,
				C6A983D91F43FE7300EB7290 /* TaxiTests.swift */,
				C6A983E01F452E7900EB7290 /* ListTaxiTests.swift */,
			);
			path = fTaxiTests;
			sourceTree = "<group>";
		};
		C6A983B81F42A95F00EB7290 /* fTaxiUITests */ = {
			isa = PBXGroup;
			children = (
				C6A983B91F42A95F00EB7290 /* fTaxiUITests.swift */,
				C6A983BB1F42A95F00EB7290 /* Info.plist */,
			);
			path = fTaxiUITests;
			sourceTree = "<group>";
		};
		C6A983CB1F43F60600EB7290 /* Request */ = {
			isa = PBXGroup;
			children = (
				C6A983CC1F43F61500EB7290 /* Request.swift */,
				C6A983CE1F43F6C100EB7290 /* APIManager.swift */,
			);
			name = Request;
			sourceTree = "<group>";
		};
		C6A983D01F43F79100EB7290 /* Enum */ = {
			isa = PBXGroup;
			children = (
				C6A983D11F43F7A100EB7290 /* Enums.swift */,
			);
			name = Enum;
			sourceTree = "<group>";
		};
		C6A983DB1F43FEEB00EB7290 /* Taxi */ = {
			isa = PBXGroup;
			children = (
				C6A983C71F42B63500EB7290 /* FindTaxiViewController.swift */,
				C6A983DC1F43FF1D00EB7290 /* TaxiManager.swift */,
				C6A983D71F43FC6800EB7290 /* Taxi.swift */,
				C6A983DE1F4404D900EB7290 /* ListTaxi.swift */,
			);
			name = Taxi;
			sourceTree = "<group>";
		};
/* End PBXGroup section */

/* Begin PBXNativeTarget section */
		C6A983951F42A95E00EB7290 /* fTaxi */ = {
			isa = PBXNativeTarget;
			buildConfigurationList = C6A983BE1F42A95F00EB7290 /* Build configuration list for PBXNativeTarget "fTaxi" */;
			buildPhases = (
				BED495D2C3F6AD1107C92AE4 /* [CP] Check Pods Manifest.lock */,
				C6A983921F42A95E00EB7290 /* Sources */,
				C6A983931F42A95E00EB7290 /* Frameworks */,
				C6A983941F42A95E00EB7290 /* Resources */,
				08E84A08646AFBD11902CF73 /* [CP] Embed Pods Frameworks */,
				5452E4C198D60E6190921462 /* [CP] Copy Pods Resources */,
			);
			buildRules = (
			);
			dependencies = (
			);
			name = fTaxi;
			productName = fTaxi;
			productReference = C6A983961F42A95E00EB7290 /* fTaxi.app */;
			productType = "com.apple.product-type.application";
		};
		C6A983A91F42A95F00EB7290 /* fTaxiTests */ = {
			isa = PBXNativeTarget;
			buildConfigurationList = C6A983C11F42A95F00EB7290 /* Build configuration list for PBXNativeTarget "fTaxiTests" */;
			buildPhases = (
				8B20A6DDAB8B721FD461877C /* [CP] Check Pods Manifest.lock */,
				C6A983A61F42A95F00EB7290 /* Sources */,
				C6A983A71F42A95F00EB7290 /* Frameworks */,
				C6A983A81F42A95F00EB7290 /* Resources */,
				1A126EEF1DA53EE79E37B2CB /* [CP] Embed Pods Frameworks */,
				F507AEDCF83D8BA6AE8A83ED /* [CP] Copy Pods Resources */,
			);
			buildRules = (
			);
			dependencies = (
				C6A983AC1F42A95F00EB7290 /* PBXTargetDependency */,
			);
			name = fTaxiTests;
			productName = fTaxiTests;
			productReference = C6A983AA1F42A95F00EB7290 /* fTaxiTests.xctest */;
			productType = "com.apple.product-type.bundle.unit-test";
		};
		C6A983B41F42A95F00EB7290 /* fTaxiUITests */ = {
			isa = PBXNativeTarget;
			buildConfigurationList = C6A983C41F42A95F00EB7290 /* Build configuration list for PBXNativeTarget "fTaxiUITests" */;
			buildPhases = (
				181D21C10FA6EA61626EBE36 /* [CP] Check Pods Manifest.lock */,
				C6A983B11F42A95F00EB7290 /* Sources */,
				C6A983B21F42A95F00EB7290 /* Frameworks */,
				C6A983B31F42A95F00EB7290 /* Resources */,
				6272FDF543D28475A931D4E6 /* [CP] Embed Pods Frameworks */,
				8FDAA2C0067F4BF56D490AC1 /* [CP] Copy Pods Resources */,
			);
			buildRules = (
			);
			dependencies = (
				C6A983B71F42A95F00EB7290 /* PBXTargetDependency */,
			);
			name = fTaxiUITests;
			productName = fTaxiUITests;
			productReference = C6A983B51F42A95F00EB7290 /* fTaxiUITests.xctest */;
			productType = "com.apple.product-type.bundle.ui-testing";
		};
/* End PBXNativeTarget section */

/* Begin PBXProject section */
		C6A9838E1F42A95E00EB7290 /* Project object */ = {
			isa = PBXProject;
			attributes = {
				LastSwiftUpdateCheck = 0830;
				LastUpgradeCheck = 0830;
				ORGANIZATIONNAME = "Rodrigo Miyashiro";
				TargetAttributes = {
					C6A983951F42A95E00EB7290 = {
						CreatedOnToolsVersion = 8.3.3;
						DevelopmentTeam = 4DRM7LH39Z;
						ProvisioningStyle = Automatic;
					};
					C6A983A91F42A95F00EB7290 = {
						CreatedOnToolsVersion = 8.3.3;
						DevelopmentTeam = 4DRM7LH39Z;
						LastSwiftMigration = 0830;
						ProvisioningStyle = Automatic;
						TestTargetID = C6A983951F42A95E00EB7290;
					};
					C6A983B41F42A95F00EB7290 = {
						CreatedOnToolsVersion = 8.3.3;
						DevelopmentTeam = 4DRM7LH39Z;
						ProvisioningStyle = Automatic;
						TestTargetID = C6A983951F42A95E00EB7290;
					};
				};
			};
			buildConfigurationList = C6A983911F42A95E00EB7290 /* Build configuration list for PBXProject "fTaxi" */;
			compatibilityVersion = "Xcode 3.2";
			developmentRegion = English;
			hasScannedForEncodings = 0;
			knownRegions = (
				en,
				Base,
			);
			mainGroup = C6A9838D1F42A95E00EB7290;
			productRefGroup = C6A983971F42A95E00EB7290 /* Products */;
			projectDirPath = "";
			projectRoot = "";
			targets = (
				C6A983951F42A95E00EB7290 /* fTaxi */,
				C6A983A91F42A95F00EB7290 /* fTaxiTests */,
				C6A983B41F42A95F00EB7290 /* fTaxiUITests */,
			);
		};
/* End PBXProject section */

/* Begin PBXResourcesBuildPhase section */
		C6A983941F42A95E00EB7290 /* Resources */ = {
			isa = PBXResourcesBuildPhase;
			buildActionMask = 2147483647;
			files = (
				C6A983A41F42A95E00EB7290 /* LaunchScreen.storyboard in Resources */,
				C6A983A11F42A95E00EB7290 /* Assets.xcassets in Resources */,
				C6A9839F1F42A95E00EB7290 /* Main.storyboard in Resources */,
			);
			runOnlyForDeploymentPostprocessing = 0;
		};
		C6A983A81F42A95F00EB7290 /* Resources */ = {
			isa = PBXResourcesBuildPhase;
			buildActionMask = 2147483647;
			files = (
			);
			runOnlyForDeploymentPostprocessing = 0;
		};
		C6A983B31F42A95F00EB7290 /* Resources */ = {
			isa = PBXResourcesBuildPhase;
			buildActionMask = 2147483647;
			files = (
			);
			runOnlyForDeploymentPostprocessing = 0;
		};
/* End PBXResourcesBuildPhase section */

/* Begin PBXShellScriptBuildPhase section */
		08E84A08646AFBD11902CF73 /* [CP] Embed Pods Frameworks */ = {
			isa = PBXShellScriptBuildPhase;
			buildActionMask = 2147483647;
			files = (
			);
			inputPaths = (
			);
			name = "[CP] Embed Pods Frameworks";
			outputPaths = (
			);
			runOnlyForDeploymentPostprocessing = 0;
			shellPath = /bin/sh;
			shellScript = "\"${SRCROOT}/Pods/Target Support Files/Pods-fTaxi/Pods-fTaxi-frameworks.sh\"\n";
			showEnvVarsInLog = 0;
		};
		181D21C10FA6EA61626EBE36 /* [CP] Check Pods Manifest.lock */ = {
			isa = PBXShellScriptBuildPhase;
			buildActionMask = 2147483647;
			files = (
			);
			inputPaths = (
			);
			name = "[CP] Check Pods Manifest.lock";
			outputPaths = (
			);
			runOnlyForDeploymentPostprocessing = 0;
			shellPath = /bin/sh;
			shellScript = "diff \"${PODS_ROOT}/../Podfile.lock\" \"${PODS_ROOT}/Manifest.lock\" > /dev/null\nif [ $? != 0 ] ; then\n    # print error to STDERR\n    echo \"error: The sandbox is not in sync with the Podfile.lock. Run 'pod install' or update your CocoaPods installation.\" >&2\n    exit 1\nfi\n";
			showEnvVarsInLog = 0;
		};
		1A126EEF1DA53EE79E37B2CB /* [CP] Embed Pods Frameworks */ = {
			isa = PBXShellScriptBuildPhase;
			buildActionMask = 2147483647;
			files = (
			);
			inputPaths = (
			);
			name = "[CP] Embed Pods Frameworks";
			outputPaths = (
			);
			runOnlyForDeploymentPostprocessing = 0;
			shellPath = /bin/sh;
			shellScript = "\"${SRCROOT}/Pods/Target Support Files/Pods-fTaxiTests/Pods-fTaxiTests-frameworks.sh\"\n";
			showEnvVarsInLog = 0;
		};
		5452E4C198D60E6190921462 /* [CP] Copy Pods Resources */ = {
			isa = PBXShellScriptBuildPhase;
			buildActionMask = 2147483647;
			files = (
			);
			inputPaths = (
			);
			name = "[CP] Copy Pods Resources";
			outputPaths = (
			);
			runOnlyForDeploymentPostprocessing = 0;
			shellPath = /bin/sh;
			shellScript = "\"${SRCROOT}/Pods/Target Support Files/Pods-fTaxi/Pods-fTaxi-resources.sh\"\n";
			showEnvVarsInLog = 0;
		};
		6272FDF543D28475A931D4E6 /* [CP] Embed Pods Frameworks */ = {
			isa = PBXShellScriptBuildPhase;
			buildActionMask = 2147483647;
			files = (
			);
			inputPaths = (
			);
			name = "[CP] Embed Pods Frameworks";
			outputPaths = (
			);
			runOnlyForDeploymentPostprocessing = 0;
			shellPath = /bin/sh;
			shellScript = "\"${SRCROOT}/Pods/Target Support Files/Pods-fTaxiUITests/Pods-fTaxiUITests-frameworks.sh\"\n";
			showEnvVarsInLog = 0;
		};
		8B20A6DDAB8B721FD461877C /* [CP] Check Pods Manifest.lock */ = {
			isa = PBXShellScriptBuildPhase;
			buildActionMask = 2147483647;
			files = (
			);
			inputPaths = (
			);
			name = "[CP] Check Pods Manifest.lock";
			outputPaths = (
			);
			runOnlyForDeploymentPostprocessing = 0;
			shellPath = /bin/sh;
			shellScript = "diff \"${PODS_ROOT}/../Podfile.lock\" \"${PODS_ROOT}/Manifest.lock\" > /dev/null\nif [ $? != 0 ] ; then\n    # print error to STDERR\n    echo \"error: The sandbox is not in sync with the Podfile.lock. Run 'pod install' or update your CocoaPods installation.\" >&2\n    exit 1\nfi\n";
			showEnvVarsInLog = 0;
		};
		8FDAA2C0067F4BF56D490AC1 /* [CP] Copy Pods Resources */ = {
			isa = PBXShellScriptBuildPhase;
			buildActionMask = 2147483647;
			files = (
			);
			inputPaths = (
			);
			name = "[CP] Copy Pods Resources";
			outputPaths = (
			);
			runOnlyForDeploymentPostprocessing = 0;
			shellPath = /bin/sh;
			shellScript = "\"${SRCROOT}/Pods/Target Support Files/Pods-fTaxiUITests/Pods-fTaxiUITests-resources.sh\"\n";
			showEnvVarsInLog = 0;
		};
		BED495D2C3F6AD1107C92AE4 /* [CP] Check Pods Manifest.lock */ = {
			isa = PBXShellScriptBuildPhase;
			buildActionMask = 2147483647;
			files = (
			);
			inputPaths = (
			);
			name = "[CP] Check Pods Manifest.lock";
			outputPaths = (
			);
			runOnlyForDeploymentPostprocessing = 0;
			shellPath = /bin/sh;
			shellScript = "diff \"${PODS_ROOT}/../Podfile.lock\" \"${PODS_ROOT}/Manifest.lock\" > /dev/null\nif [ $? != 0 ] ; then\n    # print error to STDERR\n    echo \"error: The sandbox is not in sync with the Podfile.lock. Run 'pod install' or update your CocoaPods installation.\" >&2\n    exit 1\nfi\n";
			showEnvVarsInLog = 0;
		};
		F507AEDCF83D8BA6AE8A83ED /* [CP] Copy Pods Resources */ = {
			isa = PBXShellScriptBuildPhase;
			buildActionMask = 2147483647;
			files = (
			);
			inputPaths = (
			);
			name = "[CP] Copy Pods Resources";
			outputPaths = (
			);
			runOnlyForDeploymentPostprocessing = 0;
			shellPath = /bin/sh;
			shellScript = "\"${SRCROOT}/Pods/Target Support Files/Pods-fTaxiTests/Pods-fTaxiTests-resources.sh\"\n";
			showEnvVarsInLog = 0;
		};
/* End PBXShellScriptBuildPhase section */

/* Begin PBXSourcesBuildPhase section */
		C6A983921F42A95E00EB7290 /* Sources */ = {
			isa = PBXSourcesBuildPhase;
			buildActionMask = 2147483647;
			files = (
				C6A983CF1F43F6C100EB7290 /* APIManager.swift in Sources */,
				C6A983D81F43FC6800EB7290 /* Taxi.swift in Sources */,
				C6A983DD1F43FF1D00EB7290 /* TaxiManager.swift in Sources */,
				C6A983DF1F4404D900EB7290 /* ListTaxi.swift in Sources */,
				C6A983C81F42B63500EB7290 /* FindTaxiViewController.swift in Sources */,
				C6A983D21F43F7A100EB7290 /* Enums.swift in Sources */,
				C6A983CD1F43F61500EB7290 /* Request.swift in Sources */,
				C6A9839A1F42A95E00EB7290 /* AppDelegate.swift in Sources */,
			);
			runOnlyForDeploymentPostprocessing = 0;
		};
		C6A983A61F42A95F00EB7290 /* Sources */ = {
			isa = PBXSourcesBuildPhase;
			buildActionMask = 2147483647;
			files = (
				C6A983CA1F43DA8E00EB7290 /* FindTaxiViewControllerTests.swift in Sources */,
				C6A983D41F43FC4B00EB7290 /* RequestTests.swift in Sources */,
				C6A983D61F43FC5900EB7290 /* APIManagerTests.swift in Sources */,
				C6A983E11F452E7900EB7290 /* ListTaxiTests.swift in Sources */,
				C6A983DA1F43FE7300EB7290 /* TaxiTests.swift in Sources */,
				C6A983E31F452E9D00EB7290 /* TaxiManagerTests.swift in Sources */,
			);
			runOnlyForDeploymentPostprocessing = 0;
		};
		C6A983B11F42A95F00EB7290 /* Sources */ = {
			isa = PBXSourcesBuildPhase;
			buildActionMask = 2147483647;
			files = (
				C6A983BA1F42A95F00EB7290 /* fTaxiUITests.swift in Sources */,
			);
			runOnlyForDeploymentPostprocessing = 0;
		};
/* End PBXSourcesBuildPhase section */

/* Begin PBXTargetDependency section */
		C6A983AC1F42A95F00EB7290 /* PBXTargetDependency */ = {
			isa = PBXTargetDependency;
			target = C6A983951F42A95E00EB7290 /* fTaxi */;
			targetProxy = C6A983AB1F42A95F00EB7290 /* PBXContainerItemProxy */;
		};
		C6A983B71F42A95F00EB7290 /* PBXTargetDependency */ = {
			isa = PBXTargetDependency;
			target = C6A983951F42A95E00EB7290 /* fTaxi */;
			targetProxy = C6A983B61F42A95F00EB7290 /* PBXContainerItemProxy */;
		};
/* End PBXTargetDependency section */

/* Begin PBXVariantGroup section */
		C6A9839D1F42A95E00EB7290 /* Main.storyboard */ = {
			isa = PBXVariantGroup;
			children = (
				C6A9839E1F42A95E00EB7290 /* Base */,
			);
			name = Main.storyboard;
			sourceTree = "<group>";
		};
		C6A983A21F42A95E00EB7290 /* LaunchScreen.storyboard */ = {
			isa = PBXVariantGroup;
			children = (
				C6A983A31F42A95E00EB7290 /* Base */,
			);
			name = LaunchScreen.storyboard;
			sourceTree = "<group>";
		};
/* End PBXVariantGroup section */

/* Begin XCBuildConfiguration section */
		C6A983BC1F42A95F00EB7290 /* Debug */ = {
			isa = XCBuildConfiguration;
			buildSettings = {
				ALWAYS_SEARCH_USER_PATHS = NO;
				CLANG_ANALYZER_NONNULL = YES;
				CLANG_ANALYZER_NUMBER_OBJECT_CONVERSION = YES_AGGRESSIVE;
				CLANG_CXX_LANGUAGE_STANDARD = "gnu++0x";
				CLANG_CXX_LIBRARY = "libc++";
				CLANG_ENABLE_MODULES = YES;
				CLANG_ENABLE_OBJC_ARC = YES;
				CLANG_WARN_BOOL_CONVERSION = YES;
				CLANG_WARN_CONSTANT_CONVERSION = YES;
				CLANG_WARN_DIRECT_OBJC_ISA_USAGE = YES_ERROR;
				CLANG_WARN_DOCUMENTATION_COMMENTS = YES;
				CLANG_WARN_EMPTY_BODY = YES;
				CLANG_WARN_ENUM_CONVERSION = YES;
				CLANG_WARN_INFINITE_RECURSION = YES;
				CLANG_WARN_INT_CONVERSION = YES;
				CLANG_WARN_OBJC_ROOT_CLASS = YES_ERROR;
				CLANG_WARN_SUSPICIOUS_MOVE = YES;
				CLANG_WARN_UNREACHABLE_CODE = YES;
				CLANG_WARN__DUPLICATE_METHOD_MATCH = YES;
				"CODE_SIGN_IDENTITY[sdk=iphoneos*]" = "iPhone Developer";
				COPY_PHASE_STRIP = NO;
				DEBUG_INFORMATION_FORMAT = dwarf;
				ENABLE_STRICT_OBJC_MSGSEND = YES;
				ENABLE_TESTABILITY = YES;
				GCC_C_LANGUAGE_STANDARD = gnu99;
				GCC_DYNAMIC_NO_PIC = NO;
				GCC_NO_COMMON_BLOCKS = YES;
				GCC_OPTIMIZATION_LEVEL = 0;
				GCC_PREPROCESSOR_DEFINITIONS = (
					"DEBUG=1",
					"$(inherited)",
				);
				GCC_WARN_64_TO_32_BIT_CONVERSION = YES;
				GCC_WARN_ABOUT_RETURN_TYPE = YES_ERROR;
				GCC_WARN_UNDECLARED_SELECTOR = YES;
				GCC_WARN_UNINITIALIZED_AUTOS = YES_AGGRESSIVE;
				GCC_WARN_UNUSED_FUNCTION = YES;
				GCC_WARN_UNUSED_VARIABLE = YES;
				IPHONEOS_DEPLOYMENT_TARGET = 9.1;
				MTL_ENABLE_DEBUG_INFO = YES;
				ONLY_ACTIVE_ARCH = YES;
				SDKROOT = iphoneos;
				SWIFT_ACTIVE_COMPILATION_CONDITIONS = DEBUG;
				SWIFT_OPTIMIZATION_LEVEL = "-Onone";
			};
			name = Debug;
		};
		C6A983BD1F42A95F00EB7290 /* Release */ = {
			isa = XCBuildConfiguration;
			buildSettings = {
				ALWAYS_SEARCH_USER_PATHS = NO;
				CLANG_ANALYZER_NONNULL = YES;
				CLANG_ANALYZER_NUMBER_OBJECT_CONVERSION = YES_AGGRESSIVE;
				CLANG_CXX_LANGUAGE_STANDARD = "gnu++0x";
				CLANG_CXX_LIBRARY = "libc++";
				CLANG_ENABLE_MODULES = YES;
				CLANG_ENABLE_OBJC_ARC = YES;
				CLANG_WARN_BOOL_CONVERSION = YES;
				CLANG_WARN_CONSTANT_CONVERSION = YES;
				CLANG_WARN_DIRECT_OBJC_ISA_USAGE = YES_ERROR;
				CLANG_WARN_DOCUMENTATION_COMMENTS = YES;
				CLANG_WARN_EMPTY_BODY = YES;
				CLANG_WARN_ENUM_CONVERSION = YES;
				CLANG_WARN_INFINITE_RECURSION = YES;
				CLANG_WARN_INT_CONVERSION = YES;
				CLANG_WARN_OBJC_ROOT_CLASS = YES_ERROR;
				CLANG_WARN_SUSPICIOUS_MOVE = YES;
				CLANG_WARN_UNREACHABLE_CODE = YES;
				CLANG_WARN__DUPLICATE_METHOD_MATCH = YES;
				"CODE_SIGN_IDENTITY[sdk=iphoneos*]" = "iPhone Developer";
				COPY_PHASE_STRIP = NO;
				DEBUG_INFORMATION_FORMAT = "dwarf-with-dsym";
				ENABLE_NS_ASSERTIONS = NO;
				ENABLE_STRICT_OBJC_MSGSEND = YES;
				GCC_C_LANGUAGE_STANDARD = gnu99;
				GCC_NO_COMMON_BLOCKS = YES;
				GCC_WARN_64_TO_32_BIT_CONVERSION = YES;
				GCC_WARN_ABOUT_RETURN_TYPE = YES_ERROR;
				GCC_WARN_UNDECLARED_SELECTOR = YES;
				GCC_WARN_UNINITIALIZED_AUTOS = YES_AGGRESSIVE;
				GCC_WARN_UNUSED_FUNCTION = YES;
				GCC_WARN_UNUSED_VARIABLE = YES;
				IPHONEOS_DEPLOYMENT_TARGET = 9.1;
				MTL_ENABLE_DEBUG_INFO = NO;
				SDKROOT = iphoneos;
				SWIFT_OPTIMIZATION_LEVEL = "-Owholemodule";
				VALIDATE_PRODUCT = YES;
			};
			name = Release;
		};
		C6A983BF1F42A95F00EB7290 /* Debug */ = {
			isa = XCBuildConfiguration;
			baseConfigurationReference = 50ABE5898EE02E6CA0DE9DA2 /* Pods-fTaxi.debug.xcconfig */;
			buildSettings = {
				ASSETCATALOG_COMPILER_APPICON_NAME = AppIcon;
				DEVELOPMENT_TEAM = 4DRM7LH39Z;
				INFOPLIST_FILE = fTaxi/Info.plist;
				LD_RUNPATH_SEARCH_PATHS = "$(inherited) @executable_path/Frameworks";
				PRODUCT_BUNDLE_IDENTIFIER = br.com.rmiyashiro.fTaxi;
				PRODUCT_NAME = "$(TARGET_NAME)";
				SWIFT_VERSION = 3.0;
				TARGETED_DEVICE_FAMILY = "1,2";
			};
			name = Debug;
		};
		C6A983C01F42A95F00EB7290 /* Release */ = {
			isa = XCBuildConfiguration;
			baseConfigurationReference = D81180E6A51834CE15D42343 /* Pods-fTaxi.release.xcconfig */;
			buildSettings = {
				ASSETCATALOG_COMPILER_APPICON_NAME = AppIcon;
				DEVELOPMENT_TEAM = 4DRM7LH39Z;
				INFOPLIST_FILE = fTaxi/Info.plist;
				LD_RUNPATH_SEARCH_PATHS = "$(inherited) @executable_path/Frameworks";
				PRODUCT_BUNDLE_IDENTIFIER = br.com.rmiyashiro.fTaxi;
				PRODUCT_NAME = "$(TARGET_NAME)";
				SWIFT_VERSION = 3.0;
				TARGETED_DEVICE_FAMILY = "1,2";
			};
			name = Release;
		};
		C6A983C21F42A95F00EB7290 /* Debug */ = {
			isa = XCBuildConfiguration;
			baseConfigurationReference = D831D543C63C74DDBAAE9292 /* Pods-fTaxiTests.debug.xcconfig */;
			buildSettings = {
				ALWAYS_EMBED_SWIFT_STANDARD_LIBRARIES = YES;
				BUNDLE_LOADER = "$(TEST_HOST)";
				CLANG_ENABLE_MODULES = YES;
				DEVELOPMENT_TEAM = 4DRM7LH39Z;
				INFOPLIST_FILE = fTaxiTests/Info.plist;
				LD_RUNPATH_SEARCH_PATHS = "$(inherited) @executable_path/Frameworks @loader_path/Frameworks";
				PRODUCT_BUNDLE_IDENTIFIER = br.com.rmiyashiro.fTaxiTests;
				PRODUCT_NAME = "$(TARGET_NAME)";
				SWIFT_OPTIMIZATION_LEVEL = "-Onone";
				SWIFT_VERSION = 3.0;
				TEST_HOST = "$(BUILT_PRODUCTS_DIR)/fTaxi.app/fTaxi";
			};
			name = Debug;
		};
		C6A983C31F42A95F00EB7290 /* Release */ = {
			isa = XCBuildConfiguration;
			baseConfigurationReference = BE59D8BA5D22B037A847270D /* Pods-fTaxiTests.release.xcconfig */;
			buildSettings = {
				ALWAYS_EMBED_SWIFT_STANDARD_LIBRARIES = YES;
				BUNDLE_LOADER = "$(TEST_HOST)";
				CLANG_ENABLE_MODULES = YES;
				DEVELOPMENT_TEAM = 4DRM7LH39Z;
				INFOPLIST_FILE = fTaxiTests/Info.plist;
				LD_RUNPATH_SEARCH_PATHS = "$(inherited) @executable_path/Frameworks @loader_path/Frameworks";
				PRODUCT_BUNDLE_IDENTIFIER = br.com.rmiyashiro.fTaxiTests;
				PRODUCT_NAME = "$(TARGET_NAME)";
				SWIFT_VERSION = 3.0;
				TEST_HOST = "$(BUILT_PRODUCTS_DIR)/fTaxi.app/fTaxi";
			};
			name = Release;
		};
		C6A983C51F42A95F00EB7290 /* Debug */ = {
			isa = XCBuildConfiguration;
			baseConfigurationReference = 1D7DB8676F0F4FAC929A116F /* Pods-fTaxiUITests.debug.xcconfig */;
			buildSettings = {
				ALWAYS_EMBED_SWIFT_STANDARD_LIBRARIES = YES;
				DEVELOPMENT_TEAM = 4DRM7LH39Z;
				INFOPLIST_FILE = fTaxiUITests/Info.plist;
				LD_RUNPATH_SEARCH_PATHS = "$(inherited) @executable_path/Frameworks @loader_path/Frameworks";
				PRODUCT_BUNDLE_IDENTIFIER = br.com.rmiyashiro.fTaxiUITests;
				PRODUCT_NAME = "$(TARGET_NAME)";
				SWIFT_VERSION = 3.0;
				TEST_TARGET_NAME = fTaxi;
			};
			name = Debug;
		};
		C6A983C61F42A95F00EB7290 /* Release */ = {
			isa = XCBuildConfiguration;
			baseConfigurationReference = D2654D92950BA3F674B9636C /* Pods-fTaxiUITests.release.xcconfig */;
			buildSettings = {
				ALWAYS_EMBED_SWIFT_STANDARD_LIBRARIES = YES;
				DEVELOPMENT_TEAM = 4DRM7LH39Z;
				INFOPLIST_FILE = fTaxiUITests/Info.plist;
				LD_RUNPATH_SEARCH_PATHS = "$(inherited) @executable_path/Frameworks @loader_path/Frameworks";
				PRODUCT_BUNDLE_IDENTIFIER = br.com.rmiyashiro.fTaxiUITests;
				PRODUCT_NAME = "$(TARGET_NAME)";
				SWIFT_VERSION = 3.0;
				TEST_TARGET_NAME = fTaxi;
			};
			name = Release;
		};
/* End XCBuildConfiguration section */

/* Begin XCConfigurationList section */
		C6A983911F42A95E00EB7290 /* Build configuration list for PBXProject "fTaxi" */ = {
			isa = XCConfigurationList;
			buildConfigurations = (
				C6A983BC1F42A95F00EB7290 /* Debug */,
				C6A983BD1F42A95F00EB7290 /* Release */,
			);
			defaultConfigurationIsVisible = 0;
			defaultConfigurationName = Release;
		};
		C6A983BE1F42A95F00EB7290 /* Build configuration list for PBXNativeTarget "fTaxi" */ = {
			isa = XCConfigurationList;
			buildConfigurations = (
				C6A983BF1F42A95F00EB7290 /* Debug */,
				C6A983C01F42A95F00EB7290 /* Release */,
			);
			defaultConfigurationIsVisible = 0;
			defaultConfigurationName = Release;
		};
		C6A983C11F42A95F00EB7290 /* Build configuration list for PBXNativeTarget "fTaxiTests" */ = {
			isa = XCConfigurationList;
			buildConfigurations = (
				C6A983C21F42A95F00EB7290 /* Debug */,
				C6A983C31F42A95F00EB7290 /* Release */,
			);
			defaultConfigurationIsVisible = 0;
			defaultConfigurationName = Release;
		};
		C6A983C41F42A95F00EB7290 /* Build configuration list for PBXNativeTarget "fTaxiUITests" */ = {
			isa = XCConfigurationList;
			buildConfigurations = (
				C6A983C51F42A95F00EB7290 /* Debug */,
				C6A983C61F42A95F00EB7290 /* Release */,
			);
			defaultConfigurationIsVisible = 0;
			defaultConfigurationName = Release;
		};
/* End XCConfigurationList section */
	};
	rootObject = C6A9838E1F42A95E00EB7290 /* Project object */;
}
